
Microsoft Visual Studio Solution File, Format Version 12.00
# Visual Studio Version 17
VisualStudioVersion = 17.5.002.0
MinimumVisualStudioVersion = 10.0.40219.1
Project("{9A19103F-16F7-4668-BE54-9A1E7A4F7556}") = "Vorona.Api", "Vorona.Api\Vorona.Api.csproj", "{056246D0-AA7A-406E-B93D-468C3A1C0C26}"
EndProject
Project("{FAE04EC0-301F-11D3-BF4B-00C04F79EFBC}") = "Vorona.Api.Tests", "Vorona.Api.Tests\Vorona.Api.Tests.csproj", "{4F3491CC-B261-4431-B00F-CB10C510C9A1}"
EndProject
Global
	GlobalSection(SolutionConfigurationPlatforms) = preSolution
		Debug|Any CPU = Debug|Any CPU
		Release|Any CPU = Release|Any CPU
	EndGlobalSection
	GlobalSection(ProjectConfigurationPlatforms) = postSolution
		{056246D0-AA7A-406E-B93D-468C3A1C0C26}.Debug|Any CPU.ActiveCfg = Debug|Any CPU
		{056246D0-AA7A-406E-B93D-468C3A1C0C26}.Debug|Any CPU.Build.0 = Debug|Any CPU
		{056246D0-AA7A-406E-B93D-468C3A1C0C26}.Release|Any CPU.ActiveCfg = Release|Any CPU
		{056246D0-AA7A-406E-B93D-468C3A1C0C26}.Release|Any CPU.Build.0 = Release|Any CPU
		{4F3491CC-B261-4431-B00F-CB10C510C9A1}.Debug|Any CPU.ActiveCfg = Debug|Any CPU
		{4F3491CC-B261-4431-B00F-CB10C510C9A1}.Debug|Any CPU.Build.0 = Debug|Any CPU
		{4F3491CC-B261-4431-B00F-CB10C510C9A1}.Release|Any CPU.ActiveCfg = Release|Any CPU
		{4F3491CC-B261-4431-B00F-CB10C510C9A1}.Release|Any CPU.Build.0 = Release|Any CPU
	EndGlobalSection
	GlobalSection(SolutionProperties) = preSolution
		HideSolutionNode = FALSE
	EndGlobalSection
	GlobalSection(ExtensibilityGlobals) = postSolution
		SolutionGuid = {607F040C-AA42-4323-B838-4EFC267CD89E}
	EndGlobalSection
EndGlobal
